
Microsoft Visual Studio Solution File, Format Version 12.00
# Visual Studio Version 17
VisualStudioVersion = 17.6.33815.320
MinimumVisualStudioVersion = 10.0.40219.1
Project("{9A19103F-16F7-4668-BE54-9A1E7A4F7556}") = "eAutoSalon_API", "eAutoSalon_API\eAutoSalon_API.csproj", "{3F3C0B5F-95A5-43D1-9488-7ACD5C7EEADB}"
EndProject
Project("{9A19103F-16F7-4668-BE54-9A1E7A4F7556}") = "eAutoSalon.Models", "eAutoSalon.Models\eAutoSalon.Models.csproj", "{BC8A6A69-93B8-4431-9326-FA88AC777D2B}"
EndProject
Project("{9A19103F-16F7-4668-BE54-9A1E7A4F7556}") = "eAutoSalon.Services", "eAutoSalon.Services\eAutoSalon.Services.csproj", "{884D7EC8-04EB-480A-A890-D953D24EDE01}"
EndProject
Project("{FAE04EC0-301F-11D3-BF4B-00C04F79EFBC}") = "eAutoSalon.RabbitMQ", "eAutoSalon.RabbitMQ-C\eAutoSalon.RabbitMQ.csproj", "{2A6F13AA-5DEE-42D1-97F0-A877535DBB13}"
EndProject
Global
	GlobalSection(SolutionConfigurationPlatforms) = preSolution
		Debug|Any CPU = Debug|Any CPU
		Release|Any CPU = Release|Any CPU
	EndGlobalSection
	GlobalSection(ProjectConfigurationPlatforms) = postSolution
		{3F3C0B5F-95A5-43D1-9488-7ACD5C7EEADB}.Debug|Any CPU.ActiveCfg = Debug|Any CPU
		{3F3C0B5F-95A5-43D1-9488-7ACD5C7EEADB}.Debug|Any CPU.Build.0 = Debug|Any CPU
		{3F3C0B5F-95A5-43D1-9488-7ACD5C7EEADB}.Release|Any CPU.ActiveCfg = Release|Any CPU
		{3F3C0B5F-95A5-43D1-9488-7ACD5C7EEADB}.Release|Any CPU.Build.0 = Release|Any CPU
		{BC8A6A69-93B8-4431-9326-FA88AC777D2B}.Debug|Any CPU.ActiveCfg = Debug|Any CPU
		{BC8A6A69-93B8-4431-9326-FA88AC777D2B}.Debug|Any CPU.Build.0 = Debug|Any CPU
		{BC8A6A69-93B8-4431-9326-FA88AC777D2B}.Release|Any CPU.ActiveCfg = Release|Any CPU
		{BC8A6A69-93B8-4431-9326-FA88AC777D2B}.Release|Any CPU.Build.0 = Release|Any CPU
		{884D7EC8-04EB-480A-A890-D953D24EDE01}.Debug|Any CPU.ActiveCfg = Debug|Any CPU
		{884D7EC8-04EB-480A-A890-D953D24EDE01}.Debug|Any CPU.Build.0 = Debug|Any CPU
		{884D7EC8-04EB-480A-A890-D953D24EDE01}.Release|Any CPU.ActiveCfg = Release|Any CPU
		{884D7EC8-04EB-480A-A890-D953D24EDE01}.Release|Any CPU.Build.0 = Release|Any CPU
		{2A6F13AA-5DEE-42D1-97F0-A877535DBB13}.Debug|Any CPU.ActiveCfg = Debug|Any CPU
		{2A6F13AA-5DEE-42D1-97F0-A877535DBB13}.Debug|Any CPU.Build.0 = Debug|Any CPU
		{2A6F13AA-5DEE-42D1-97F0-A877535DBB13}.Release|Any CPU.ActiveCfg = Release|Any CPU
		{2A6F13AA-5DEE-42D1-97F0-A877535DBB13}.Release|Any CPU.Build.0 = Release|Any CPU
	EndGlobalSection
	GlobalSection(SolutionProperties) = preSolution
		HideSolutionNode = FALSE
	EndGlobalSection
	GlobalSection(ExtensibilityGlobals) = postSolution
		SolutionGuid = {40DE3FCE-B27C-4774-9F2E-783F9C5DA792}
	EndGlobalSection
EndGlobal
